// !$*UTF8*$!
{
	archiveVersion = 1;
	classes = {
	};
	objectVersion = 48;
	objects = {

/* Begin PBXBuildFile section */
		41247760504EBB7558737C35 /* Pods_CalculatorTests.framework in Frameworks */ = {isa = PBXBuildFile; fileRef = 377F67F4A591D7BF357278B0 /* Pods_CalculatorTests.framework */; };
		9A592A441DEBF66B0009CB11 /* CalculatorBrain.swift in Sources */ = {isa = PBXBuildFile; fileRef = 9A592A431DEBF66B0009CB11 /* CalculatorBrain.swift */; };
		9AAACC66209CAAD600CA0067 /* Double+isInt.swift in Sources */ = {isa = PBXBuildFile; fileRef = 9AAACC65209CAAD600CA0067 /* Double+isInt.swift */; };
		9AD2231A2088E196007A2D8C /* CalculatorTests.swift in Sources */ = {isa = PBXBuildFile; fileRef = 9AD223192088E196007A2D8C /* CalculatorTests.swift */; };
		9AF12ADE1DEB37B800DFA492 /* AppDelegate.swift in Sources */ = {isa = PBXBuildFile; fileRef = 9AF12ADD1DEB37B800DFA492 /* AppDelegate.swift */; };
		9AF12AE01DEB37B800DFA492 /* CalculatorViewController.swift in Sources */ = {isa = PBXBuildFile; fileRef = 9AF12ADF1DEB37B800DFA492 /* CalculatorViewController.swift */; };
		9AF12AE31DEB37B800DFA492 /* Main.storyboard in Resources */ = {isa = PBXBuildFile; fileRef = 9AF12AE11DEB37B800DFA492 /* Main.storyboard */; };
		9AF12AE51DEB37B800DFA492 /* Assets.xcassets in Resources */ = {isa = PBXBuildFile; fileRef = 9AF12AE41DEB37B800DFA492 /* Assets.xcassets */; };
		9AF12AE81DEB37B800DFA492 /* LaunchScreen.storyboard in Resources */ = {isa = PBXBuildFile; fileRef = 9AF12AE61DEB37B800DFA492 /* LaunchScreen.storyboard */; };
		D680964169EDA90DDB9CB17E /* Pods_Calculator.framework in Frameworks */ = {isa = PBXBuildFile; fileRef = 7625AB1388449504990FED98 /* Pods_Calculator.framework */; };
/* End PBXBuildFile section */

/* Begin PBXContainerItemProxy section */
		9AAACC71209CAE9700CA0067 /* PBXContainerItemProxy */ = {
			isa = PBXContainerItemProxy;
			containerPortal = 9AF12AD21DEB37B800DFA492 /* Project object */;
			proxyType = 1;
			remoteGlobalIDString = 9AF12AD91DEB37B800DFA492;
			remoteInfo = Calculator;
		};
		9AD2231C2088E196007A2D8C /* PBXContainerItemProxy */ = {
			isa = PBXContainerItemProxy;
			containerPortal = 9AF12AD21DEB37B800DFA492 /* Project object */;
			proxyType = 1;
			remoteGlobalIDString = 9AF12AD91DEB37B800DFA492;
			remoteInfo = Calculator;
		};
/* End PBXContainerItemProxy section */

/* Begin PBXFileReference section */
		144E3EAE01695AAEBBBCB3E5 /* Pods-Calculator.release.xcconfig */ = {isa = PBXFileReference; includeInIndex = 1; lastKnownFileType = text.xcconfig; name = "Pods-Calculator.release.xcconfig"; path = "Pods/Target Support Files/Pods-Calculator/Pods-Calculator.release.xcconfig"; sourceTree = "<group>"; };
		19BCCAFE85A6EC0D0B1538C3 /* Pods-CalculatorTests.debug.xcconfig */ = {isa = PBXFileReference; includeInIndex = 1; lastKnownFileType = text.xcconfig; name = "Pods-CalculatorTests.debug.xcconfig"; path = "Pods/Target Support Files/Pods-CalculatorTests/Pods-CalculatorTests.debug.xcconfig"; sourceTree = "<group>"; };
		34A61610C4E38D441E6A5CC0 /* Pods-Calculator.debug.xcconfig */ = {isa = PBXFileReference; includeInIndex = 1; lastKnownFileType = text.xcconfig; name = "Pods-Calculator.debug.xcconfig"; path = "Pods/Target Support Files/Pods-Calculator/Pods-Calculator.debug.xcconfig"; sourceTree = "<group>"; };
		377F67F4A591D7BF357278B0 /* Pods_CalculatorTests.framework */ = {isa = PBXFileReference; explicitFileType = wrapper.framework; includeInIndex = 0; path = Pods_CalculatorTests.framework; sourceTree = BUILT_PRODUCTS_DIR; };
		3DC07895746E0FEC5EB64F4E /* Pods-CalculatorTests.release.xcconfig */ = {isa = PBXFileReference; includeInIndex = 1; lastKnownFileType = text.xcconfig; name = "Pods-CalculatorTests.release.xcconfig"; path = "Pods/Target Support Files/Pods-CalculatorTests/Pods-CalculatorTests.release.xcconfig"; sourceTree = "<group>"; };
		7625AB1388449504990FED98 /* Pods_Calculator.framework */ = {isa = PBXFileReference; explicitFileType = wrapper.framework; includeInIndex = 0; path = Pods_Calculator.framework; sourceTree = BUILT_PRODUCTS_DIR; };
		9A592A431DEBF66B0009CB11 /* CalculatorBrain.swift */ = {isa = PBXFileReference; fileEncoding = 4; lastKnownFileType = sourcecode.swift; path = CalculatorBrain.swift; sourceTree = "<group>"; };
		9AAACC65209CAAD600CA0067 /* Double+isInt.swift */ = {isa = PBXFileReference; lastKnownFileType = sourcecode.swift; path = "Double+isInt.swift"; sourceTree = "<group>"; };
		9AAACC6C209CAE9700CA0067 /* CalculatorUITests.xctest */ = {isa = PBXFileReference; explicitFileType = wrapper.cfbundle; includeInIndex = 0; path = CalculatorUITests.xctest; sourceTree = BUILT_PRODUCTS_DIR; };
		9AD223172088E196007A2D8C /* CalculatorTests.xctest */ = {isa = PBXFileReference; explicitFileType = wrapper.cfbundle; includeInIndex = 0; path = CalculatorTests.xctest; sourceTree = BUILT_PRODUCTS_DIR; };
		9AD223192088E196007A2D8C /* CalculatorTests.swift */ = {isa = PBXFileReference; lastKnownFileType = sourcecode.swift; path = CalculatorTests.swift; sourceTree = "<group>"; };
		9AD2231B2088E196007A2D8C /* Info.plist */ = {isa = PBXFileReference; lastKnownFileType = text.plist.xml; path = Info.plist; sourceTree = "<group>"; };
		9AF12ADA1DEB37B800DFA492 /* Calculator.app */ = {isa = PBXFileReference; explicitFileType = wrapper.application; includeInIndex = 0; path = Calculator.app; sourceTree = BUILT_PRODUCTS_DIR; };
		9AF12ADD1DEB37B800DFA492 /* AppDelegate.swift */ = {isa = PBXFileReference; lastKnownFileType = sourcecode.swift; path = AppDelegate.swift; sourceTree = "<group>"; };
		9AF12ADF1DEB37B800DFA492 /* CalculatorViewController.swift */ = {isa = PBXFileReference; lastKnownFileType = sourcecode.swift; path = CalculatorViewController.swift; sourceTree = "<group>"; };
		9AF12AE21DEB37B800DFA492 /* Base */ = {isa = PBXFileReference; lastKnownFileType = file.storyboard; name = Base; path = Base.lproj/Main.storyboard; sourceTree = "<group>"; };
		9AF12AE41DEB37B800DFA492 /* Assets.xcassets */ = {isa = PBXFileReference; lastKnownFileType = folder.assetcatalog; path = Assets.xcassets; sourceTree = "<group>"; };
		9AF12AE71DEB37B800DFA492 /* Base */ = {isa = PBXFileReference; lastKnownFileType = file.storyboard; name = Base; path = Base.lproj/LaunchScreen.storyboard; sourceTree = "<group>"; };
		9AF12AE91DEB37B800DFA492 /* Info.plist */ = {isa = PBXFileReference; lastKnownFileType = text.plist.xml; path = Info.plist; sourceTree = "<group>"; };
		B080DF53911CC7092B1C6B27 /* Pods_CalculatorUITests.framework */ = {isa = PBXFileReference; explicitFileType = wrapper.framework; includeInIndex = 0; path = Pods_CalculatorUITests.framework; sourceTree = BUILT_PRODUCTS_DIR; };
/* End PBXFileReference section */

/* Begin PBXFrameworksBuildPhase section */
		9AAACC69209CAE9700CA0067 /* Frameworks */ = {
			isa = PBXFrameworksBuildPhase;
			buildActionMask = 2147483647;
			files = (
			);
			runOnlyForDeploymentPostprocessing = 0;
		};
		9AD223142088E196007A2D8C /* Frameworks */ = {
			isa = PBXFrameworksBuildPhase;
			buildActionMask = 2147483647;
			files = (
				41247760504EBB7558737C35 /* Pods_CalculatorTests.framework in Frameworks */,
			);
			runOnlyForDeploymentPostprocessing = 0;
		};
		9AF12AD71DEB37B800DFA492 /* Frameworks */ = {
			isa = PBXFrameworksBuildPhase;
			buildActionMask = 2147483647;
			files = (
				D680964169EDA90DDB9CB17E /* Pods_Calculator.framework in Frameworks */,
			);
			runOnlyForDeploymentPostprocessing = 0;
		};
/* End PBXFrameworksBuildPhase section */

/* Begin PBXGroup section */
		188FBF5DC8B5795E95A7A40B /* Pods */ = {
			isa = PBXGroup;
			children = (
				34A61610C4E38D441E6A5CC0 /* Pods-Calculator.debug.xcconfig */,
				144E3EAE01695AAEBBBCB3E5 /* Pods-Calculator.release.xcconfig */,
				19BCCAFE85A6EC0D0B1538C3 /* Pods-CalculatorTests.debug.xcconfig */,
				3DC07895746E0FEC5EB64F4E /* Pods-CalculatorTests.release.xcconfig */,
			);
			name = Pods;
			sourceTree = "<group>";
		};
		49729506966BA10E09E8B514 /* Frameworks */ = {
			isa = PBXGroup;
			children = (
				7625AB1388449504990FED98 /* Pods_Calculator.framework */,
				377F67F4A591D7BF357278B0 /* Pods_CalculatorTests.framework */,
				B080DF53911CC7092B1C6B27 /* Pods_CalculatorUITests.framework */,
			);
			name = Frameworks;
			sourceTree = "<group>";
		};
		9AD223182088E196007A2D8C /* CalculatorTests */ = {
			isa = PBXGroup;
			children = (
				9AD223192088E196007A2D8C /* CalculatorTests.swift */,
				9AD2231B2088E196007A2D8C /* Info.plist */,
			);
			path = CalculatorTests;
			sourceTree = "<group>";
		};
		9AF12AD11DEB37B800DFA492 = {
			isa = PBXGroup;
			children = (
				9AF12ADC1DEB37B800DFA492 /* Calculator */,
				9AD223182088E196007A2D8C /* CalculatorTests */,
				9AF12ADB1DEB37B800DFA492 /* Products */,
				188FBF5DC8B5795E95A7A40B /* Pods */,
				49729506966BA10E09E8B514 /* Frameworks */,
			);
			sourceTree = "<group>";
		};
		9AF12ADB1DEB37B800DFA492 /* Products */ = {
			isa = PBXGroup;
			children = (
				9AF12ADA1DEB37B800DFA492 /* Calculator.app */,
				9AD223172088E196007A2D8C /* CalculatorTests.xctest */,
				9AAACC6C209CAE9700CA0067 /* CalculatorUITests.xctest */,
			);
			name = Products;
			sourceTree = "<group>";
		};
		9AF12ADC1DEB37B800DFA492 /* Calculator */ = {
			isa = PBXGroup;
			children = (
				9AF12ADD1DEB37B800DFA492 /* AppDelegate.swift */,
				9AF12ADF1DEB37B800DFA492 /* CalculatorViewController.swift */,
				9A592A431DEBF66B0009CB11 /* CalculatorBrain.swift */,
				9AAACC65209CAAD600CA0067 /* Double+isInt.swift */,
				9AF12AE11DEB37B800DFA492 /* Main.storyboard */,
				9AF12AE61DEB37B800DFA492 /* LaunchScreen.storyboard */,
				9AF12AE41DEB37B800DFA492 /* Assets.xcassets */,
				9AF12AE91DEB37B800DFA492 /* Info.plist */,
			);
			path = Calculator;
			sourceTree = "<group>";
		};
/* End PBXGroup section */

/* Begin PBXNativeTarget section */
		9AAACC6B209CAE9700CA0067 /* CalculatorUITests */ = {
			isa = PBXNativeTarget;
			buildConfigurationList = 9AAACC73209CAE9700CA0067 /* Build configuration list for PBXNativeTarget "CalculatorUITests" */;
			buildPhases = (
				9AAACC68209CAE9700CA0067 /* Sources */,
				9AAACC69209CAE9700CA0067 /* Frameworks */,
				9AAACC6A209CAE9700CA0067 /* Resources */,
			);
			buildRules = (
			);
			dependencies = (
				9AAACC72209CAE9700CA0067 /* PBXTargetDependency */,
			);
			name = CalculatorUITests;
			productName = CalculatorUITests;
			productReference = 9AAACC6C209CAE9700CA0067 /* CalculatorUITests.xctest */;
			productType = "com.apple.product-type.bundle.ui-testing";
		};
		9AD223162088E196007A2D8C /* CalculatorTests */ = {
			isa = PBXNativeTarget;
			buildConfigurationList = 9AD2231E2088E196007A2D8C /* Build configuration list for PBXNativeTarget "CalculatorTests" */;
			buildPhases = (
				B9904AD26A0C6A63FAE25C38 /* [CP] Check Pods Manifest.lock */,
				9AD223132088E196007A2D8C /* Sources */,
				9AD223142088E196007A2D8C /* Frameworks */,
				9AD223152088E196007A2D8C /* Resources */,
				1EEE7F0F311C0370B4C15196 /* [CP] Embed Pods Frameworks */,
			);
			buildRules = (
			);
			dependencies = (
				9AD2231D2088E196007A2D8C /* PBXTargetDependency */,
			);
			name = CalculatorTests;
			productName = CalculatorTests;
			productReference = 9AD223172088E196007A2D8C /* CalculatorTests.xctest */;
			productType = "com.apple.product-type.bundle.unit-test";
		};
		9AF12AD91DEB37B800DFA492 /* Calculator */ = {
			isa = PBXNativeTarget;
			buildConfigurationList = 9AF12AEC1DEB37B800DFA492 /* Build configuration list for PBXNativeTarget "Calculator" */;
			buildPhases = (
				783406758BC69D83D8834CA4 /* [CP] Check Pods Manifest.lock */,
				9AF12AD61DEB37B800DFA492 /* Sources */,
				9AF12AD71DEB37B800DFA492 /* Frameworks */,
				9AF12AD81DEB37B800DFA492 /* Resources */,
				9AAACC67209CAC6D00CA0067 /* SwiftLint */,
			);
			buildRules = (
			);
			dependencies = (
			);
			name = Calculator;
			productName = Calculator;
			productReference = 9AF12ADA1DEB37B800DFA492 /* Calculator.app */;
			productType = "com.apple.product-type.application";
		};
/* End PBXNativeTarget section */

/* Begin PBXProject section */
		9AF12AD21DEB37B800DFA492 /* Project object */ = {
			isa = PBXProject;
			attributes = {
				LastSwiftUpdateCheck = 0930;
				LastUpgradeCheck = 0930;
				ORGANIZATIONNAME = "Rudeiger Cheng";
				TargetAttributes = {
					9AAACC6B209CAE9700CA0067 = {
						CreatedOnToolsVersion = 9.3;
						ProvisioningStyle = Automatic;
						TestTargetID = 9AF12AD91DEB37B800DFA492;
					};
					9AD223162088E196007A2D8C = {
						CreatedOnToolsVersion = 9.3;
						ProvisioningStyle = Automatic;
						TestTargetID = 9AF12AD91DEB37B800DFA492;
					};
					9AF12AD91DEB37B800DFA492 = {
						CreatedOnToolsVersion = 8.1;
						DevelopmentTeam = WA2YZKB5GB;
						LastSwiftMigration = 0900;
						ProvisioningStyle = Automatic;
					};
				};
			};
			buildConfigurationList = 9AF12AD51DEB37B800DFA492 /* Build configuration list for PBXProject "Calculator" */;
			compatibilityVersion = "Xcode 8.0";
			developmentRegion = English;
			hasScannedForEncodings = 0;
			knownRegions = (
				en,
				Base,
			);
			mainGroup = 9AF12AD11DEB37B800DFA492;
			productRefGroup = 9AF12ADB1DEB37B800DFA492 /* Products */;
			projectDirPath = "";
			projectRoot = "";
			targets = (
				9AF12AD91DEB37B800DFA492 /* Calculator */,
				9AD223162088E196007A2D8C /* CalculatorTests */,
				9AAACC6B209CAE9700CA0067 /* CalculatorUITests */,
			);
		};
/* End PBXProject section */

/* Begin PBXResourcesBuildPhase section */
		9AAACC6A209CAE9700CA0067 /* Resources */ = {
			isa = PBXResourcesBuildPhase;
			buildActionMask = 2147483647;
			files = (
			);
			runOnlyForDeploymentPostprocessing = 0;
		};
		9AD223152088E196007A2D8C /* Resources */ = {
			isa = PBXResourcesBuildPhase;
			buildActionMask = 2147483647;
			files = (
			);
			runOnlyForDeploymentPostprocessing = 0;
		};
		9AF12AD81DEB37B800DFA492 /* Resources */ = {
			isa = PBXResourcesBuildPhase;
			buildActionMask = 2147483647;
			files = (
				9AF12AE81DEB37B800DFA492 /* LaunchScreen.storyboard in Resources */,
				9AF12AE51DEB37B800DFA492 /* Assets.xcassets in Resources */,
				9AF12AE31DEB37B800DFA492 /* Main.storyboard in Resources */,
			);
			runOnlyForDeploymentPostprocessing = 0;
		};
/* End PBXResourcesBuildPhase section */

/* Begin PBXShellScriptBuildPhase section */
		1EEE7F0F311C0370B4C15196 /* [CP] Embed Pods Frameworks */ = {
			isa = PBXShellScriptBuildPhase;
			buildActionMask = 2147483647;
			files = (
			);
			inputPaths = (
				"${SRCROOT}/Pods/Target Support Files/Pods-CalculatorTests/Pods-CalculatorTests-frameworks.sh",
				"${BUILT_PRODUCTS_DIR}/Nimble/Nimble.framework",
				"${BUILT_PRODUCTS_DIR}/Quick/Quick.framework",
			);
			name = "[CP] Embed Pods Frameworks";
			outputPaths = (
				"${TARGET_BUILD_DIR}/${FRAMEWORKS_FOLDER_PATH}/Nimble.framework",
				"${TARGET_BUILD_DIR}/${FRAMEWORKS_FOLDER_PATH}/Quick.framework",
			);
			runOnlyForDeploymentPostprocessing = 0;
			shellPath = /bin/sh;
			shellScript = "\"${SRCROOT}/Pods/Target Support Files/Pods-CalculatorTests/Pods-CalculatorTests-frameworks.sh\"\n";
			showEnvVarsInLog = 0;
		};
		783406758BC69D83D8834CA4 /* [CP] Check Pods Manifest.lock */ = {
			isa = PBXShellScriptBuildPhase;
			buildActionMask = 2147483647;
			files = (
			);
			inputPaths = (
				"${PODS_PODFILE_DIR_PATH}/Podfile.lock",
				"${PODS_ROOT}/Manifest.lock",
			);
			name = "[CP] Check Pods Manifest.lock";
			outputPaths = (
				"$(DERIVED_FILE_DIR)/Pods-Calculator-checkManifestLockResult.txt",
			);
			runOnlyForDeploymentPostprocessing = 0;
			shellPath = /bin/sh;
			shellScript = "diff \"${PODS_PODFILE_DIR_PATH}/Podfile.lock\" \"${PODS_ROOT}/Manifest.lock\" > /dev/null\nif [ $? != 0 ] ; then\n    # print error to STDERR\n    echo \"error: The sandbox is not in sync with the Podfile.lock. Run 'pod install' or update your CocoaPods installation.\" >&2\n    exit 1\nfi\n# This output is used by Xcode 'outputs' to avoid re-running this script phase.\necho \"SUCCESS\" > \"${SCRIPT_OUTPUT_FILE_0}\"\n";
			showEnvVarsInLog = 0;
		};
		9AAACC67209CAC6D00CA0067 /* SwiftLint */ = {
			isa = PBXShellScriptBuildPhase;
			buildActionMask = 2147483647;
			files = (
			);
			inputPaths = (
			);
			name = SwiftLint;
			outputPaths = (
			);
			runOnlyForDeploymentPostprocessing = 0;
			shellPath = /bin/sh;
			shellScript = "\"${PODS_ROOT}/SwiftLint/swiftlint\"";
		};
		B9904AD26A0C6A63FAE25C38 /* [CP] Check Pods Manifest.lock */ = {
			isa = PBXShellScriptBuildPhase;
			buildActionMask = 2147483647;
			files = (
			);
			inputPaths = (
				"${PODS_PODFILE_DIR_PATH}/Podfile.lock",
				"${PODS_ROOT}/Manifest.lock",
			);
			name = "[CP] Check Pods Manifest.lock";
			outputPaths = (
				"$(DERIVED_FILE_DIR)/Pods-CalculatorTests-checkManifestLockResult.txt",
			);
			runOnlyForDeploymentPostprocessing = 0;
			shellPath = /bin/sh;
			shellScript = "diff \"${PODS_PODFILE_DIR_PATH}/Podfile.lock\" \"${PODS_ROOT}/Manifest.lock\" > /dev/null\nif [ $? != 0 ] ; then\n    # print error to STDERR\n    echo \"error: The sandbox is not in sync with the Podfile.lock. Run 'pod install' or update your CocoaPods installation.\" >&2\n    exit 1\nfi\n# This output is used by Xcode 'outputs' to avoid re-running this script phase.\necho \"SUCCESS\" > \"${SCRIPT_OUTPUT_FILE_0}\"\n";
			showEnvVarsInLog = 0;
		};
/* End PBXShellScriptBuildPhase section */

/* Begin PBXSourcesBuildPhase section */
		9AAACC68209CAE9700CA0067 /* Sources */ = {
			isa = PBXSourcesBuildPhase;
			buildActionMask = 2147483647;
			files = (
			);
			runOnlyForDeploymentPostprocessing = 0;
		};
		9AD223132088E196007A2D8C /* Sources */ = {
			isa = PBXSourcesBuildPhase;
			buildActionMask = 2147483647;
			files = (
				9AD2231A2088E196007A2D8C /* CalculatorTests.swift in Sources */,
			);
			runOnlyForDeploymentPostprocessing = 0;
		};
		9AF12AD61DEB37B800DFA492 /* Sources */ = {
			isa = PBXSourcesBuildPhase;
			buildActionMask = 2147483647;
			files = (
				9A592A441DEBF66B0009CB11 /* CalculatorBrain.swift in Sources */,
				9AF12AE01DEB37B800DFA492 /* CalculatorViewController.swift in Sources */,
				9AAACC66209CAAD600CA0067 /* Double+isInt.swift in Sources */,
				9AF12ADE1DEB37B800DFA492 /* AppDelegate.swift in Sources */,
			);
			runOnlyForDeploymentPostprocessing = 0;
		};
/* End PBXSourcesBuildPhase section */

/* Begin PBXTargetDependency section */
		9AAACC72209CAE9700CA0067 /* PBXTargetDependency */ = {
			isa = PBXTargetDependency;
			target = 9AF12AD91DEB37B800DFA492 /* Calculator */;
			targetProxy = 9AAACC71209CAE9700CA0067 /* PBXContainerItemProxy */;
		};
		9AD2231D2088E196007A2D8C /* PBXTargetDependency */ = {
			isa = PBXTargetDependency;
			target = 9AF12AD91DEB37B800DFA492 /* Calculator */;
			targetProxy = 9AD2231C2088E196007A2D8C /* PBXContainerItemProxy */;
		};
/* End PBXTargetDependency section */

/* Begin PBXVariantGroup section */
		9AF12AE11DEB37B800DFA492 /* Main.storyboard */ = {
			isa = PBXVariantGroup;
			children = (
				9AF12AE21DEB37B800DFA492 /* Base */,
			);
			name = Main.storyboard;
			sourceTree = "<group>";
		};
		9AF12AE61DEB37B800DFA492 /* LaunchScreen.storyboard */ = {
			isa = PBXVariantGroup;
			children = (
				9AF12AE71DEB37B800DFA492 /* Base */,
			);
			name = LaunchScreen.storyboard;
			sourceTree = "<group>";
		};
/* End PBXVariantGroup section */

/* Begin XCBuildConfiguration section */
		9AAACC74209CAE9700CA0067 /* Debug */ = {
			isa = XCBuildConfiguration;
			buildSettings = {
				CLANG_ANALYZER_NUMBER_OBJECT_CONVERSION = YES_AGGRESSIVE;
				CLANG_CXX_LANGUAGE_STANDARD = "gnu++14";
				CLANG_ENABLE_OBJC_WEAK = YES;
				CLANG_WARN_UNGUARDED_AVAILABILITY = YES_AGGRESSIVE;
				CODE_SIGN_IDENTITY = "iPhone Developer";
				CODE_SIGN_STYLE = Automatic;
				DEVELOPMENT_TEAM = WA2YZKB5GB;
				GCC_C_LANGUAGE_STANDARD = gnu11;
				INFOPLIST_FILE = CalculatorUITests/Info.plist;
				IPHONEOS_DEPLOYMENT_TARGET = 11.3;
				LD_RUNPATH_SEARCH_PATHS = "$(inherited) @executable_path/Frameworks @loader_path/Frameworks";
				PRODUCT_BUNDLE_IDENTIFIER = com.rudeigerc.CalculatorUITests;
				PRODUCT_NAME = "$(TARGET_NAME)";
				SWIFT_VERSION = 4.0;
				TARGETED_DEVICE_FAMILY = "1,2";
				TEST_TARGET_NAME = Calculator;
			};
			name = Debug;
		};
		9AAACC75209CAE9700CA0067 /* Release */ = {
			isa = XCBuildConfiguration;
			buildSettings = {
				CLANG_ANALYZER_NUMBER_OBJECT_CONVERSION = YES_AGGRESSIVE;
				CLANG_CXX_LANGUAGE_STANDARD = "gnu++14";
				CLANG_ENABLE_OBJC_WEAK = YES;
				CLANG_WARN_UNGUARDED_AVAILABILITY = YES_AGGRESSIVE;
				CODE_SIGN_IDENTITY = "iPhone Developer";
				CODE_SIGN_STYLE = Automatic;
				DEVELOPMENT_TEAM = WA2YZKB5GB;
				GCC_C_LANGUAGE_STANDARD = gnu11;
				INFOPLIST_FILE = CalculatorUITests/Info.plist;
				IPHONEOS_DEPLOYMENT_TARGET = 11.3;
				LD_RUNPATH_SEARCH_PATHS = "$(inherited) @executable_path/Frameworks @loader_path/Frameworks";
				PRODUCT_BUNDLE_IDENTIFIER = com.rudeigerc.CalculatorUITests;
				PRODUCT_NAME = "$(TARGET_NAME)";
				SWIFT_VERSION = 4.0;
				TARGETED_DEVICE_FAMILY = "1,2";
				TEST_TARGET_NAME = Calculator;
			};
			name = Release;
		};
		9AD2231F2088E196007A2D8C /* Debug */ = {
			isa = XCBuildConfiguration;
			baseConfigurationReference = 19BCCAFE85A6EC0D0B1538C3 /* Pods-CalculatorTests.debug.xcconfig */;
			buildSettings = {
				BUNDLE_LOADER = "$(TEST_HOST)";
				CLANG_ANALYZER_NUMBER_OBJECT_CONVERSION = YES_AGGRESSIVE;
				CLANG_CXX_LANGUAGE_STANDARD = "gnu++14";
				CLANG_ENABLE_OBJC_WEAK = YES;
				CLANG_WARN_UNGUARDED_AVAILABILITY = YES_AGGRESSIVE;
				CODE_SIGN_IDENTITY = "iPhone Developer";
				CODE_SIGN_STYLE = Automatic;
				DEVELOPMENT_TEAM = WA2YZKB5GB;
				GCC_C_LANGUAGE_STANDARD = gnu11;
				INFOPLIST_FILE = CalculatorTests/Info.plist;
				IPHONEOS_DEPLOYMENT_TARGET = 11.3;
				LD_RUNPATH_SEARCH_PATHS = "$(inherited) @executable_path/Frameworks @loader_path/Frameworks";
				PRODUCT_BUNDLE_IDENTIFIER = com.rudeigerc.CalculatorTests;
				PRODUCT_NAME = "$(TARGET_NAME)";
				SWIFT_VERSION = 4.0;
				TARGETED_DEVICE_FAMILY = "1,2";
				TEST_HOST = "$(BUILT_PRODUCTS_DIR)/Calculator.app/Calculator";
			};
			name = Debug;
		};
		9AD223202088E196007A2D8C /* Release */ = {
			isa = XCBuildConfiguration;
			baseConfigurationReference = 3DC07895746E0FEC5EB64F4E /* Pods-CalculatorTests.release.xcconfig */;
			buildSettings = {
				BUNDLE_LOADER = "$(TEST_HOST)";
				CLANG_ANALYZER_NUMBER_OBJECT_CONVERSION = YES_AGGRESSIVE;
				CLANG_CXX_LANGUAGE_STANDARD = "gnu++14";
				CLANG_ENABLE_OBJC_WEAK = YES;
				CLANG_WARN_UNGUARDED_AVAILABILITY = YES_AGGRESSIVE;
				CODE_SIGN_IDENTITY = "iPhone Developer";
				CODE_SIGN_STYLE = Automatic;
				DEVELOPMENT_TEAM = WA2YZKB5GB;
				GCC_C_LANGUAGE_STANDARD = gnu11;
				INFOPLIST_FILE = CalculatorTests/Info.plist;
				IPHONEOS_DEPLOYMENT_TARGET = 11.3;
				LD_RUNPATH_SEARCH_PATHS = "$(inherited) @executable_path/Frameworks @loader_path/Frameworks";
				PRODUCT_BUNDLE_IDENTIFIER = com.rudeigerc.CalculatorTests;
				PRODUCT_NAME = "$(TARGET_NAME)";
				SWIFT_VERSION = 4.0;
				TARGETED_DEVICE_FAMILY = "1,2";
				TEST_HOST = "$(BUILT_PRODUCTS_DIR)/Calculator.app/Calculator";
			};
			name = Release;
		};
		9AF12AEA1DEB37B800DFA492 /* Debug */ = {
			isa = XCBuildConfiguration;
			buildSettings = {
				ALWAYS_SEARCH_USER_PATHS = NO;
				CLANG_ANALYZER_NONNULL = YES;
				CLANG_CXX_LANGUAGE_STANDARD = "gnu++0x";
				CLANG_CXX_LIBRARY = "libc++";
				CLANG_ENABLE_MODULES = YES;
				CLANG_ENABLE_OBJC_ARC = YES;
				CLANG_WARN_BLOCK_CAPTURE_AUTORELEASING = YES;
				CLANG_WARN_BOOL_CONVERSION = YES;
				CLANG_WARN_COMMA = YES;
				CLANG_WARN_CONSTANT_CONVERSION = YES;
				CLANG_WARN_DEPRECATED_OBJC_IMPLEMENTATIONS = YES;
				CLANG_WARN_DIRECT_OBJC_ISA_USAGE = YES_ERROR;
				CLANG_WARN_DOCUMENTATION_COMMENTS = YES;
				CLANG_WARN_EMPTY_BODY = YES;
				CLANG_WARN_ENUM_CONVERSION = YES;
				CLANG_WARN_INFINITE_RECURSION = YES;
				CLANG_WARN_INT_CONVERSION = YES;
				CLANG_WARN_NON_LITERAL_NULL_CONVERSION = YES;
				CLANG_WARN_OBJC_IMPLICIT_RETAIN_SELF = YES;
				CLANG_WARN_OBJC_LITERAL_CONVERSION = YES;
				CLANG_WARN_OBJC_ROOT_CLASS = YES_ERROR;
				CLANG_WARN_RANGE_LOOP_ANALYSIS = YES;
				CLANG_WARN_STRICT_PROTOTYPES = YES;
				CLANG_WARN_SUSPICIOUS_MOVE = YES;
				CLANG_WARN_SUSPICIOUS_MOVES = YES;
				CLANG_WARN_UNREACHABLE_CODE = YES;
				CLANG_WARN__DUPLICATE_METHOD_MATCH = YES;
				"CODE_SIGN_IDENTITY[sdk=iphoneos*]" = "iPhone Developer";
				COPY_PHASE_STRIP = NO;
				DEBUG_INFORMATION_FORMAT = dwarf;
				ENABLE_STRICT_OBJC_MSGSEND = YES;
				ENABLE_TESTABILITY = YES;
				GCC_C_LANGUAGE_STANDARD = gnu99;
				GCC_DYNAMIC_NO_PIC = NO;
				GCC_NO_COMMON_BLOCKS = YES;
				GCC_OPTIMIZATION_LEVEL = 0;
				GCC_PREPROCESSOR_DEFINITIONS = (
					"DEBUG=1",
					"$(inherited)",
				);
				GCC_WARN_64_TO_32_BIT_CONVERSION = YES;
				GCC_WARN_ABOUT_RETURN_TYPE = YES_ERROR;
				GCC_WARN_UNDECLARED_SELECTOR = YES;
				GCC_WARN_UNINITIALIZED_AUTOS = YES_AGGRESSIVE;
				GCC_WARN_UNUSED_FUNCTION = YES;
				GCC_WARN_UNUSED_VARIABLE = YES;
				IPHONEOS_DEPLOYMENT_TARGET = 10.0;
				MTL_ENABLE_DEBUG_INFO = YES;
				ONLY_ACTIVE_ARCH = YES;
				SDKROOT = iphoneos;
				SWIFT_ACTIVE_COMPILATION_CONDITIONS = DEBUG;
				SWIFT_OPTIMIZATION_LEVEL = "-Onone";
				SWIFT_VERSION = 4.0;
				TARGETED_DEVICE_FAMILY = "1,2";
			};
			name = Debug;
		};
		9AF12AEB1DEB37B800DFA492 /* Release */ = {
			isa = XCBuildConfiguration;
			buildSettings = {
				ALWAYS_SEARCH_USER_PATHS = NO;
				CLANG_ANALYZER_NONNULL = YES;
				CLANG_CXX_LANGUAGE_STANDARD = "gnu++0x";
				CLANG_CXX_LIBRARY = "libc++";
				CLANG_ENABLE_MODULES = YES;
				CLANG_ENABLE_OBJC_ARC = YES;
				CLANG_WARN_BLOCK_CAPTURE_AUTORELEASING = YES;
				CLANG_WARN_BOOL_CONVERSION = YES;
				CLANG_WARN_COMMA = YES;
				CLANG_WARN_CONSTANT_CONVERSION = YES;
				CLANG_WARN_DEPRECATED_OBJC_IMPLEMENTATIONS = YES;
				CLANG_WARN_DIRECT_OBJC_ISA_USAGE = YES_ERROR;
				CLANG_WARN_DOCUMENTATION_COMMENTS = YES;
				CLANG_WARN_EMPTY_BODY = YES;
				CLANG_WARN_ENUM_CONVERSION = YES;
				CLANG_WARN_INFINITE_RECURSION = YES;
				CLANG_WARN_INT_CONVERSION = YES;
				CLANG_WARN_NON_LITERAL_NULL_CONVERSION = YES;
				CLANG_WARN_OBJC_IMPLICIT_RETAIN_SELF = YES;
				CLANG_WARN_OBJC_LITERAL_CONVERSION = YES;
				CLANG_WARN_OBJC_ROOT_CLASS = YES_ERROR;
				CLANG_WARN_RANGE_LOOP_ANALYSIS = YES;
				CLANG_WARN_STRICT_PROTOTYPES = YES;
				CLANG_WARN_SUSPICIOUS_MOVE = YES;
				CLANG_WARN_SUSPICIOUS_MOVES = YES;
				CLANG_WARN_UNREACHABLE_CODE = YES;
				CLANG_WARN__DUPLICATE_METHOD_MATCH = YES;
				"CODE_SIGN_IDENTITY[sdk=iphoneos*]" = "iPhone Developer";
				COPY_PHASE_STRIP = NO;
				DEBUG_INFORMATION_FORMAT = "dwarf-with-dsym";
				ENABLE_NS_ASSERTIONS = NO;
				ENABLE_STRICT_OBJC_MSGSEND = YES;
				GCC_C_LANGUAGE_STANDARD = gnu99;
				GCC_NO_COMMON_BLOCKS = YES;
				GCC_WARN_64_TO_32_BIT_CONVERSION = YES;
				GCC_WARN_ABOUT_RETURN_TYPE = YES_ERROR;
				GCC_WARN_UNDECLARED_SELECTOR = YES;
				GCC_WARN_UNINITIALIZED_AUTOS = YES_AGGRESSIVE;
				GCC_WARN_UNUSED_FUNCTION = YES;
				GCC_WARN_UNUSED_VARIABLE = YES;
				IPHONEOS_DEPLOYMENT_TARGET = 10.0;
				MTL_ENABLE_DEBUG_INFO = NO;
				SDKROOT = iphoneos;
				SWIFT_OPTIMIZATION_LEVEL = "-Owholemodule";
				SWIFT_VERSION = 4.0;
				TARGETED_DEVICE_FAMILY = "1,2";
				VALIDATE_PRODUCT = YES;
			};
			name = Release;
		};
		9AF12AED1DEB37B800DFA492 /* Debug */ = {
			isa = XCBuildConfiguration;
			baseConfigurationReference = 34A61610C4E38D441E6A5CC0 /* Pods-Calculator.debug.xcconfig */;
			buildSettings = {
				ASSETCATALOG_COMPILER_APPICON_NAME = AppIcon;
				DEVELOPMENT_TEAM = WA2YZKB5GB;
				INFOPLIST_FILE = Calculator/Info.plist;
				LD_RUNPATH_SEARCH_PATHS = "$(inherited) @executable_path/Frameworks";
				PRODUCT_BUNDLE_IDENTIFIER = rudeigerc.Calculator;
				PRODUCT_NAME = "$(TARGET_NAME)";
				SWIFT_SWIFT3_OBJC_INFERENCE = Default;
				SWIFT_VERSION = 4.0;
			};
			name = Debug;
		};
		9AF12AEE1DEB37B800DFA492 /* Release */ = {
			isa = XCBuildConfiguration;
			baseConfigurationReference = 144E3EAE01695AAEBBBCB3E5 /* Pods-Calculator.release.xcconfig */;
			buildSettings = {
				ASSETCATALOG_COMPILER_APPICON_NAME = AppIcon;
				DEVELOPMENT_TEAM = WA2YZKB5GB;
				INFOPLIST_FILE = Calculator/Info.plist;
				LD_RUNPATH_SEARCH_PATHS = "$(inherited) @executable_path/Frameworks";
				PRODUCT_BUNDLE_IDENTIFIER = rudeigerc.Calculator;
				PRODUCT_NAME = "$(TARGET_NAME)";
				SWIFT_SWIFT3_OBJC_INFERENCE = Default;
				SWIFT_VERSION = 4.0;
			};
			name = Release;
		};
/* End XCBuildConfiguration section */

/* Begin XCConfigurationList section */
		9AAACC73209CAE9700CA0067 /* Build configuration list for PBXNativeTarget "CalculatorUITests" */ = {
			isa = XCConfigurationList;
			buildConfigurations = (
				9AAACC74209CAE9700CA0067 /* Debug */,
				9AAACC75209CAE9700CA0067 /* Release */,
			);
			defaultConfigurationIsVisible = 0;
			defaultConfigurationName = Release;
		};
		9AD2231E2088E196007A2D8C /* Build configuration list for PBXNativeTarget "CalculatorTests" */ = {
			isa = XCConfigurationList;
			buildConfigurations = (
				9AD2231F2088E196007A2D8C /* Debug */,
				9AD223202088E196007A2D8C /* Release */,
			);
			defaultConfigurationIsVisible = 0;
			defaultConfigurationName = Release;
		};
		9AF12AD51DEB37B800DFA492 /* Build configuration list for PBXProject "Calculator" */ = {
			isa = XCConfigurationList;
			buildConfigurations = (
				9AF12AEA1DEB37B800DFA492 /* Debug */,
				9AF12AEB1DEB37B800DFA492 /* Release */,
			);
			defaultConfigurationIsVisible = 0;
			defaultConfigurationName = Release;
		};
		9AF12AEC1DEB37B800DFA492 /* Build configuration list for PBXNativeTarget "Calculator" */ = {
			isa = XCConfigurationList;
			buildConfigurations = (
				9AF12AED1DEB37B800DFA492 /* Debug */,
				9AF12AEE1DEB37B800DFA492 /* Release */,
			);
			defaultConfigurationIsVisible = 0;
			defaultConfigurationName = Release;
		};
/* End XCConfigurationList section */
	};
	rootObject = 9AF12AD21DEB37B800DFA492 /* Project object */;
}
